
Microsoft Visual Studio Solution File, Format Version 12.00
Project("{2150E333-8FDC-42A3-9474-1A3956D46DE8}") = "src", "src", "{29C75684-A5D7-47EB-8DCC-65A94971B5D1}"
EndProject
Project("{2150E333-8FDC-42A3-9474-1A3956D46DE8}") = "Services", "Services", "{6F5E675D-0910-492F-A930-04B5FDD5B6C7}"
EndProject
Project("{2150E333-8FDC-42A3-9474-1A3956D46DE8}") = "Web", "Web", "{18E82E63-3010-4588-825E-437D23D7FD60}"
EndProject
Project("{FAE04EC0-301F-11D3-BF4B-00C04F79EFBC}") = "ProductCatalogApi", "src\Services\ProductCatalogApi\ProductCatalogApi.csproj", "{C91848BF-FF6C-45C0-ABF7-24907CD312F2}"
EndProject
Project("{FAE04EC0-301F-11D3-BF4B-00C04F79EFBC}") = "WebMvc", "src\Web\WebMvc\WebMvc.csproj", "{6D70D4BB-1F3F-41DE-92B7-2211C161B964}"
EndProject
Global
	GlobalSection(SolutionConfigurationPlatforms) = preSolution
		Debug|Any CPU = Debug|Any CPU
		Release|Any CPU = Release|Any CPU
	EndGlobalSection
	GlobalSection(NestedProjects) = preSolution
		{6F5E675D-0910-492F-A930-04B5FDD5B6C7} = {29C75684-A5D7-47EB-8DCC-65A94971B5D1}
		{18E82E63-3010-4588-825E-437D23D7FD60} = {29C75684-A5D7-47EB-8DCC-65A94971B5D1}
		{C91848BF-FF6C-45C0-ABF7-24907CD312F2} = {6F5E675D-0910-492F-A930-04B5FDD5B6C7}
		{6D70D4BB-1F3F-41DE-92B7-2211C161B964} = {18E82E63-3010-4588-825E-437D23D7FD60}
	EndGlobalSection
	GlobalSection(ProjectConfigurationPlatforms) = postSolution
		{C91848BF-FF6C-45C0-ABF7-24907CD312F2}.Debug|Any CPU.ActiveCfg = Debug|Any CPU
		{C91848BF-FF6C-45C0-ABF7-24907CD312F2}.Debug|Any CPU.Build.0 = Debug|Any CPU
		{C91848BF-FF6C-45C0-ABF7-24907CD312F2}.Release|Any CPU.ActiveCfg = Release|Any CPU
		{C91848BF-FF6C-45C0-ABF7-24907CD312F2}.Release|Any CPU.Build.0 = Release|Any CPU
		{6D70D4BB-1F3F-41DE-92B7-2211C161B964}.Debug|Any CPU.ActiveCfg = Debug|Any CPU
		{6D70D4BB-1F3F-41DE-92B7-2211C161B964}.Debug|Any CPU.Build.0 = Debug|Any CPU
		{6D70D4BB-1F3F-41DE-92B7-2211C161B964}.Release|Any CPU.ActiveCfg = Release|Any CPU
		{6D70D4BB-1F3F-41DE-92B7-2211C161B964}.Release|Any CPU.Build.0 = Release|Any CPU
	EndGlobalSection
EndGlobal
